
Microsoft Visual Studio Solution File, Format Version 12.00
# Visual Studio Version 16
VisualStudioVersion = 16.0.31402.337
MinimumVisualStudioVersion = 10.0.40219.1
Project("{9A19103F-16F7-4668-BE54-9A1E7A4F7556}") = "Blog", "Blog.csproj", "{2B7E9154-0733-4F66-85FC-3CB3F45C2C2B}"
EndProject
Global
	GlobalSection(SolutionConfigurationPlatforms) = preSolution
		Debug|Any CPU = Debug|Any CPU
		Release|Any CPU = Release|Any CPU
	EndGlobalSection
	GlobalSection(ProjectConfigurationPlatforms) = postSolution
		{2B7E9154-0733-4F66-85FC-3CB3F45C2C2B}.Debug|Any CPU.ActiveCfg = Debug|Any CPU
		{2B7E9154-0733-4F66-85FC-3CB3F45C2C2B}.Debug|Any CPU.Build.0 = Debug|Any CPU
		{2B7E9154-0733-4F66-85FC-3CB3F45C2C2B}.Release|Any CPU.ActiveCfg = Release|Any CPU
		{2B7E9154-0733-4F66-85FC-3CB3F45C2C2B}.Release|Any CPU.Build.0 = Release|Any CPU
	EndGlobalSection
	GlobalSection(SolutionProperties) = preSolution
		HideSolutionNode = FALSE
	EndGlobalSection
	GlobalSection(ExtensibilityGlobals) = postSolution
		SolutionGuid = {DD19C975-EC2D-4C51-ADCC-64D62E076BC3}
	EndGlobalSection
EndGlobal
