
Microsoft Visual Studio Solution File, Format Version 12.00
# Visual Studio Version 16
VisualStudioVersion = 16.0.30804.86
MinimumVisualStudioVersion = 10.0.40219.1
Project("{9A19103F-16F7-4668-BE54-9A1E7A4F7556}") = "Roman015API", "Roman015API.csproj", "{2447E917-B73A-4574-911A-9D951CD39A19}"
EndProject
Global
	GlobalSection(SolutionConfigurationPlatforms) = preSolution
		Debug|Any CPU = Debug|Any CPU
		Release|Any CPU = Release|Any CPU
	EndGlobalSection
	GlobalSection(ProjectConfigurationPlatforms) = postSolution
		{2447E917-B73A-4574-911A-9D951CD39A19}.Debug|Any CPU.ActiveCfg = Debug|Any CPU
		{2447E917-B73A-4574-911A-9D951CD39A19}.Debug|Any CPU.Build.0 = Debug|Any CPU
		{2447E917-B73A-4574-911A-9D951CD39A19}.Release|Any CPU.ActiveCfg = Release|Any CPU
		{2447E917-B73A-4574-911A-9D951CD39A19}.Release|Any CPU.Build.0 = Release|Any CPU
	EndGlobalSection
	GlobalSection(SolutionProperties) = preSolution
		HideSolutionNode = FALSE
	EndGlobalSection
	GlobalSection(ExtensibilityGlobals) = postSolution
		SolutionGuid = {235A6F0B-E11D-442B-AC53-6817DD023299}
	EndGlobalSection
EndGlobal
